
Microsoft Visual Studio Solution File, Format Version 12.00
# Visual Studio 15
Project("{FAE04EC0-301F-11D3-BF4B-00C04F79EFBC}") = "RattlerBuddy.Android", "RattlerBuddy.Android\RattlerBuddy.Android.csproj", "{306567F3-BF58-4280-90A9-EF57A0200E2C}"
EndProject
Project("{FAE04EC0-301F-11D3-BF4B-00C04F79EFBC}") = "RattlerBuddy.iOS", "RattlerBuddy.iOS\RattlerBuddy.iOS.csproj", "{CE525193-5A94-49EE-90D1-08090B190006}"
EndProject
Project("{FAE04EC0-301F-11D3-BF4B-00C04F79EFBC}") = "RattlerBuddy", "RattlerBuddy\RattlerBuddy.csproj", "{E2D51C4E-1A48-4F77-B28D-EF6C1F2C0F66}"
EndProject
Global
	GlobalSection(SolutionConfigurationPlatforms) = preSolution
		Debug|Any CPU = Debug|Any CPU
		Release|Any CPU = Release|Any CPU
		Debug|iPhoneSimulator = Debug|iPhoneSimulator
		Release|iPhoneSimulator = Release|iPhoneSimulator
		Debug|iPhone = Debug|iPhone
		Release|iPhone = Release|iPhone
		Ad-Hoc|iPhone = Ad-Hoc|iPhone
		AppStore|iPhone = AppStore|iPhone
	EndGlobalSection
	GlobalSection(ProjectConfigurationPlatforms) = postSolution
		{306567F3-BF58-4280-90A9-EF57A0200E2C}.Debug|Any CPU.ActiveCfg = Debug|Any CPU
		{306567F3-BF58-4280-90A9-EF57A0200E2C}.Debug|Any CPU.Build.0 = Debug|Any CPU
		{306567F3-BF58-4280-90A9-EF57A0200E2C}.Release|Any CPU.ActiveCfg = Release|Any CPU
		{306567F3-BF58-4280-90A9-EF57A0200E2C}.Release|Any CPU.Build.0 = Release|Any CPU
		{306567F3-BF58-4280-90A9-EF57A0200E2C}.Debug|iPhoneSimulator.ActiveCfg = Debug|Any CPU
		{306567F3-BF58-4280-90A9-EF57A0200E2C}.Debug|iPhoneSimulator.Build.0 = Debug|Any CPU
		{306567F3-BF58-4280-90A9-EF57A0200E2C}.Release|iPhoneSimulator.ActiveCfg = Release|Any CPU
		{306567F3-BF58-4280-90A9-EF57A0200E2C}.Release|iPhoneSimulator.Build.0 = Release|Any CPU
		{306567F3-BF58-4280-90A9-EF57A0200E2C}.Debug|iPhone.ActiveCfg = Debug|Any CPU
		{306567F3-BF58-4280-90A9-EF57A0200E2C}.Debug|iPhone.Build.0 = Debug|Any CPU
		{306567F3-BF58-4280-90A9-EF57A0200E2C}.Release|iPhone.ActiveCfg = Release|Any CPU
		{306567F3-BF58-4280-90A9-EF57A0200E2C}.Release|iPhone.Build.0 = Release|Any CPU
		{306567F3-BF58-4280-90A9-EF57A0200E2C}.Ad-Hoc|iPhone.ActiveCfg = Debug|Any CPU
		{306567F3-BF58-4280-90A9-EF57A0200E2C}.Ad-Hoc|iPhone.Build.0 = Debug|Any CPU
		{306567F3-BF58-4280-90A9-EF57A0200E2C}.AppStore|iPhone.ActiveCfg = Debug|Any CPU
		{306567F3-BF58-4280-90A9-EF57A0200E2C}.AppStore|iPhone.Build.0 = Debug|Any CPU
		{CE525193-5A94-49EE-90D1-08090B190006}.Debug|Any CPU.ActiveCfg = Debug|iPhoneSimulator
		{CE525193-5A94-49EE-90D1-08090B190006}.Debug|Any CPU.Build.0 = Debug|iPhoneSimulator
		{CE525193-5A94-49EE-90D1-08090B190006}.Release|Any CPU.ActiveCfg = Release|iPhoneSimulator
		{CE525193-5A94-49EE-90D1-08090B190006}.Release|Any CPU.Build.0 = Release|iPhoneSimulator
		{CE525193-5A94-49EE-90D1-08090B190006}.Debug|iPhoneSimulator.ActiveCfg = Debug|iPhoneSimulator
		{CE525193-5A94-49EE-90D1-08090B190006}.Debug|iPhoneSimulator.Build.0 = Debug|iPhoneSimulator
		{CE525193-5A94-49EE-90D1-08090B190006}.Release|iPhoneSimulator.ActiveCfg = Release|iPhoneSimulator
		{CE525193-5A94-49EE-90D1-08090B190006}.Release|iPhoneSimulator.Build.0 = Release|iPhoneSimulator
		{CE525193-5A94-49EE-90D1-08090B190006}.Debug|iPhone.ActiveCfg = Debug|iPhone
		{CE525193-5A94-49EE-90D1-08090B190006}.Debug|iPhone.Build.0 = Debug|iPhone
		{CE525193-5A94-49EE-90D1-08090B190006}.Release|iPhone.ActiveCfg = Release|iPhone
		{CE525193-5A94-49EE-90D1-08090B190006}.Release|iPhone.Build.0 = Release|iPhone
		{CE525193-5A94-49EE-90D1-08090B190006}.Ad-Hoc|iPhone.ActiveCfg = Ad-Hoc|iPhone
		{CE525193-5A94-49EE-90D1-08090B190006}.Ad-Hoc|iPhone.Build.0 = Ad-Hoc|iPhone
		{CE525193-5A94-49EE-90D1-08090B190006}.AppStore|iPhone.ActiveCfg = AppStore|iPhone
		{CE525193-5A94-49EE-90D1-08090B190006}.AppStore|iPhone.Build.0 = AppStore|iPhone
		{E2D51C4E-1A48-4F77-B28D-EF6C1F2C0F66}.Debug|Any CPU.ActiveCfg = Debug|Any CPU
		{E2D51C4E-1A48-4F77-B28D-EF6C1F2C0F66}.Debug|Any CPU.Build.0 = Debug|Any CPU
		{E2D51C4E-1A48-4F77-B28D-EF6C1F2C0F66}.Release|Any CPU.ActiveCfg = Release|Any CPU
		{E2D51C4E-1A48-4F77-B28D-EF6C1F2C0F66}.Release|Any CPU.Build.0 = Release|Any CPU
		{E2D51C4E-1A48-4F77-B28D-EF6C1F2C0F66}.Debug|iPhoneSimulator.ActiveCfg = Debug|Any CPU
		{E2D51C4E-1A48-4F77-B28D-EF6C1F2C0F66}.Debug|iPhoneSimulator.Build.0 = Debug|Any CPU
		{E2D51C4E-1A48-4F77-B28D-EF6C1F2C0F66}.Release|iPhoneSimulator.ActiveCfg = Release|Any CPU
		{E2D51C4E-1A48-4F77-B28D-EF6C1F2C0F66}.Release|iPhoneSimulator.Build.0 = Release|Any CPU
		{E2D51C4E-1A48-4F77-B28D-EF6C1F2C0F66}.Debug|iPhone.ActiveCfg = Debug|Any CPU
		{E2D51C4E-1A48-4F77-B28D-EF6C1F2C0F66}.Debug|iPhone.Build.0 = Debug|Any CPU
		{E2D51C4E-1A48-4F77-B28D-EF6C1F2C0F66}.Release|iPhone.ActiveCfg = Release|Any CPU
		{E2D51C4E-1A48-4F77-B28D-EF6C1F2C0F66}.Release|iPhone.Build.0 = Release|Any CPU
		{E2D51C4E-1A48-4F77-B28D-EF6C1F2C0F66}.Ad-Hoc|iPhone.ActiveCfg = Debug|Any CPU
		{E2D51C4E-1A48-4F77-B28D-EF6C1F2C0F66}.Ad-Hoc|iPhone.Build.0 = Debug|Any CPU
		{E2D51C4E-1A48-4F77-B28D-EF6C1F2C0F66}.AppStore|iPhone.ActiveCfg = Debug|Any CPU
		{E2D51C4E-1A48-4F77-B28D-EF6C1F2C0F66}.AppStore|iPhone.Build.0 = Debug|Any CPU
	EndGlobalSection
EndGlobal
